// !$*UTF8*$!
{
	archiveVersion = 1;
	classes = {
	};
	objectVersion = 46;
	objects = {

/* Begin PBXBuildFile section */
		C010D59919F7C2B500C0C092 /* AdInjector.m in Sources */ = {isa = PBXBuildFile; fileRef = C010D59819F7C2B500C0C092 /* AdInjector.m */; };
		C010D59C19F7C57F00C0C092 /* SampleAdTableTableViewController.m in Sources */ = {isa = PBXBuildFile; fileRef = C010D59B19F7C57F00C0C092 /* SampleAdTableTableViewController.m */; };
		C010D59F19F830F900C0C092 /* AdRequest.m in Sources */ = {isa = PBXBuildFile; fileRef = C010D59E19F830F900C0C092 /* AdRequest.m */; };
		C010D5A519F8682000C0C092 /* SDWebImage.framework in Frameworks */ = {isa = PBXBuildFile; fileRef = C010D5A419F8682000C0C092 /* SDWebImage.framework */; };
		C010D5A719F86AB800C0C092 /* ImageIO.framework in Frameworks */ = {isa = PBXBuildFile; fileRef = C010D5A619F86AB800C0C092 /* ImageIO.framework */; };
		C0CA759219F7AD47003B8B06 /* main.m in Sources */ = {isa = PBXBuildFile; fileRef = C0CA759119F7AD47003B8B06 /* main.m */; };
		C0CA759519F7AD47003B8B06 /* AppDelegate.m in Sources */ = {isa = PBXBuildFile; fileRef = C0CA759419F7AD47003B8B06 /* AppDelegate.m */; };
		C0CA759B19F7AD47003B8B06 /* Main.storyboard in Resources */ = {isa = PBXBuildFile; fileRef = C0CA759919F7AD47003B8B06 /* Main.storyboard */; };
		C0CA759D19F7AD47003B8B06 /* Images.xcassets in Resources */ = {isa = PBXBuildFile; fileRef = C0CA759C19F7AD47003B8B06 /* Images.xcassets */; };
/* End PBXBuildFile section */

/* Begin PBXFileReference section */
		C010D59719F7C2B500C0C092 /* AdInjector.h */ = {isa = PBXFileReference; fileEncoding = 4; lastKnownFileType = sourcecode.c.h; path = AdInjector.h; sourceTree = "<group>"; };
		C010D59819F7C2B500C0C092 /* AdInjector.m */ = {isa = PBXFileReference; fileEncoding = 4; lastKnownFileType = sourcecode.c.objc; path = AdInjector.m; sourceTree = "<group>"; };
		C010D59A19F7C57F00C0C092 /* SampleAdTableTableViewController.h */ = {isa = PBXFileReference; fileEncoding = 4; lastKnownFileType = sourcecode.c.h; path = SampleAdTableTableViewController.h; sourceTree = "<group>"; };
		C010D59B19F7C57F00C0C092 /* SampleAdTableTableViewController.m */ = {isa = PBXFileReference; fileEncoding = 4; lastKnownFileType = sourcecode.c.objc; path = SampleAdTableTableViewController.m; sourceTree = "<group>"; };
		C010D59D19F830F900C0C092 /* AdRequest.h */ = {isa = PBXFileReference; fileEncoding = 4; lastKnownFileType = sourcecode.c.h; path = AdRequest.h; sourceTree = "<group>"; };
		C010D59E19F830F900C0C092 /* AdRequest.m */ = {isa = PBXFileReference; fileEncoding = 4; lastKnownFileType = sourcecode.c.objc; path = AdRequest.m; sourceTree = "<group>"; };
		C010D5A419F8682000C0C092 /* SDWebImage.framework */ = {isa = PBXFileReference; lastKnownFileType = wrapper.framework; name = SDWebImage.framework; path = ../../SDWebImage.framework; sourceTree = "<group>"; };
		C010D5A619F86AB800C0C092 /* ImageIO.framework */ = {isa = PBXFileReference; lastKnownFileType = wrapper.framework; name = ImageIO.framework; path = System/Library/Frameworks/ImageIO.framework; sourceTree = SDKROOT; };
		C0CA758C19F7AD47003B8B06 /* AdInject.app */ = {isa = PBXFileReference; explicitFileType = wrapper.application; includeInIndex = 0; path = AdInject.app; sourceTree = BUILT_PRODUCTS_DIR; };
		C0CA759019F7AD47003B8B06 /* Info.plist */ = {isa = PBXFileReference; lastKnownFileType = text.plist.xml; path = Info.plist; sourceTree = "<group>"; };
		C0CA759119F7AD47003B8B06 /* main.m */ = {isa = PBXFileReference; lastKnownFileType = sourcecode.c.objc; path = main.m; sourceTree = "<group>"; };
		C0CA759319F7AD47003B8B06 /* AppDelegate.h */ = {isa = PBXFileReference; lastKnownFileType = sourcecode.c.h; path = AppDelegate.h; sourceTree = "<group>"; };
		C0CA759419F7AD47003B8B06 /* AppDelegate.m */ = {isa = PBXFileReference; lastKnownFileType = sourcecode.c.objc; path = AppDelegate.m; sourceTree = "<group>"; };
		C0CA759A19F7AD47003B8B06 /* Base */ = {isa = PBXFileReference; lastKnownFileType = file.storyboard; name = Base; path = Base.lproj/Main.storyboard; sourceTree = "<group>"; };
		C0CA759C19F7AD47003B8B06 /* Images.xcassets */ = {isa = PBXFileReference; lastKnownFileType = folder.assetcatalog; path = Images.xcassets; sourceTree = "<group>"; };
/* End PBXFileReference section */

/* Begin PBXFrameworksBuildPhase section */
		C0CA758919F7AD47003B8B06 /* Frameworks */ = {
			isa = PBXFrameworksBuildPhase;
			buildActionMask = 2147483647;
			files = (
				C010D5A719F86AB800C0C092 /* ImageIO.framework in Frameworks */,
				C010D5A519F8682000C0C092 /* SDWebImage.framework in Frameworks */,
			);
			runOnlyForDeploymentPostprocessing = 0;
		};
/* End PBXFrameworksBuildPhase section */

/* Begin PBXGroup section */
		C010D58F19F7C16C00C0C092 /* AdInjectLibrary */ = {
			isa = PBXGroup;
			children = (
				C010D59D19F830F900C0C092 /* AdRequest.h */,
				C010D59E19F830F900C0C092 /* AdRequest.m */,
				C010D59719F7C2B500C0C092 /* AdInjector.h */,
				C010D59819F7C2B500C0C092 /* AdInjector.m */,
			);
			name = AdInjectLibrary;
			sourceTree = "<group>";
		};
		C010D5A319F867EE00C0C092 /* Frameworks */ = {
			isa = PBXGroup;
			children = (
				C010D5A619F86AB800C0C092 /* ImageIO.framework */,
				C010D5A419F8682000C0C092 /* SDWebImage.framework */,
			);
			name = Frameworks;
			sourceTree = "<group>";
		};
		C0CA758319F7AD47003B8B06 = {
			isa = PBXGroup;
			children = (
				C010D58F19F7C16C00C0C092 /* AdInjectLibrary */,
				C0CA758E19F7AD47003B8B06 /* AdInject */,
				C010D5A319F867EE00C0C092 /* Frameworks */,
				C0CA758D19F7AD47003B8B06 /* Products */,
			);
			sourceTree = "<group>";
		};
		C0CA758D19F7AD47003B8B06 /* Products */ = {
			isa = PBXGroup;
			children = (
				C0CA758C19F7AD47003B8B06 /* AdInject.app */,
			);
			name = Products;
			sourceTree = "<group>";
		};
		C0CA758E19F7AD47003B8B06 /* AdInject */ = {
			isa = PBXGroup;
			children = (
				C0CA759319F7AD47003B8B06 /* AppDelegate.h */,
				C0CA759419F7AD47003B8B06 /* AppDelegate.m */,
				C010D59A19F7C57F00C0C092 /* SampleAdTableTableViewController.h */,
				C010D59B19F7C57F00C0C092 /* SampleAdTableTableViewController.m */,
				C0CA759919F7AD47003B8B06 /* Main.storyboard */,
				C0CA759C19F7AD47003B8B06 /* Images.xcassets */,
				C0CA758F19F7AD47003B8B06 /* Supporting Files */,
			);
			path = AdInject;
			sourceTree = "<group>";
		};
		C0CA758F19F7AD47003B8B06 /* Supporting Files */ = {
			isa = PBXGroup;
			children = (
				C0CA759019F7AD47003B8B06 /* Info.plist */,
				C0CA759119F7AD47003B8B06 /* main.m */,
			);
			name = "Supporting Files";
			sourceTree = "<group>";
		};
/* End PBXGroup section */

/* Begin PBXNativeTarget section */
		C0CA758B19F7AD47003B8B06 /* AdInject */ = {
			isa = PBXNativeTarget;
			buildConfigurationList = C0CA75AF19F7AD47003B8B06 /* Build configuration list for PBXNativeTarget "AdInject" */;
			buildPhases = (
				C0CA758819F7AD47003B8B06 /* Sources */,
				C0CA758919F7AD47003B8B06 /* Frameworks */,
				C0CA758A19F7AD47003B8B06 /* Resources */,
			);
			buildRules = (
			);
			dependencies = (
			);
			name = AdInject;
			productName = AdInject;
			productReference = C0CA758C19F7AD47003B8B06 /* AdInject.app */;
			productType = "com.apple.product-type.application";
		};
/* End PBXNativeTarget section */

/* Begin PBXProject section */
		C0CA758419F7AD47003B8B06 /* Project object */ = {
			isa = PBXProject;
			attributes = {
				LastUpgradeCheck = 0600;
				ORGANIZATIONNAME = "Huseyin Guler";
				TargetAttributes = {
					C0CA758B19F7AD47003B8B06 = {
						CreatedOnToolsVersion = 6.0.1;
					};
				};
			};
			buildConfigurationList = C0CA758719F7AD47003B8B06 /* Build configuration list for PBXProject "AdInject" */;
			compatibilityVersion = "Xcode 3.2";
			developmentRegion = English;
			hasScannedForEncodings = 0;
			knownRegions = (
				en,
				Base,
			);
			mainGroup = C0CA758319F7AD47003B8B06;
			productRefGroup = C0CA758D19F7AD47003B8B06 /* Products */;
			projectDirPath = "";
			projectRoot = "";
			targets = (
				C0CA758B19F7AD47003B8B06 /* AdInject */,
			);
		};
/* End PBXProject section */

/* Begin PBXResourcesBuildPhase section */
		C0CA758A19F7AD47003B8B06 /* Resources */ = {
			isa = PBXResourcesBuildPhase;
			buildActionMask = 2147483647;
			files = (
				C0CA759B19F7AD47003B8B06 /* Main.storyboard in Resources */,
				C0CA759D19F7AD47003B8B06 /* Images.xcassets in Resources */,
			);
			runOnlyForDeploymentPostprocessing = 0;
		};
/* End PBXResourcesBuildPhase section */

/* Begin PBXSourcesBuildPhase section */
		C0CA758819F7AD47003B8B06 /* Sources */ = {
			isa = PBXSourcesBuildPhase;
			buildActionMask = 2147483647;
			files = (
				C010D59C19F7C57F00C0C092 /* SampleAdTableTableViewController.m in Sources */,
				C0CA759519F7AD47003B8B06 /* AppDelegate.m in Sources */,
				C010D59919F7C2B500C0C092 /* AdInjector.m in Sources */,
				C0CA759219F7AD47003B8B06 /* main.m in Sources */,
				C010D59F19F830F900C0C092 /* AdRequest.m in Sources */,
			);
			runOnlyForDeploymentPostprocessing = 0;
		};
/* End PBXSourcesBuildPhase section */

/* Begin PBXVariantGroup section */
		C0CA759919F7AD47003B8B06 /* Main.storyboard */ = {
			isa = PBXVariantGroup;
			children = (
				C0CA759A19F7AD47003B8B06 /* Base */,
			);
			name = Main.storyboard;
			sourceTree = "<group>";
		};
/* End PBXVariantGroup section */

/* Begin XCBuildConfiguration section */
		C0CA75AD19F7AD47003B8B06 /* Debug */ = {
			isa = XCBuildConfiguration;
			buildSettings = {
				ALWAYS_SEARCH_USER_PATHS = NO;
				CLANG_CXX_LANGUAGE_STANDARD = "gnu++0x";
				CLANG_CXX_LIBRARY = "libc++";
				CLANG_ENABLE_MODULES = YES;
				CLANG_ENABLE_OBJC_ARC = YES;
				CLANG_WARN_BOOL_CONVERSION = YES;
				CLANG_WARN_CONSTANT_CONVERSION = YES;
				CLANG_WARN_DIRECT_OBJC_ISA_USAGE = YES_ERROR;
				CLANG_WARN_EMPTY_BODY = YES;
				CLANG_WARN_ENUM_CONVERSION = YES;
				CLANG_WARN_INT_CONVERSION = YES;
				CLANG_WARN_OBJC_ROOT_CLASS = YES_ERROR;
				CLANG_WARN_UNREACHABLE_CODE = YES;
				CLANG_WARN__DUPLICATE_METHOD_MATCH = YES;
				"CODE_SIGN_IDENTITY[sdk=iphoneos*]" = "iPhone Developer";
				COPY_PHASE_STRIP = NO;
				ENABLE_STRICT_OBJC_MSGSEND = YES;
				GCC_C_LANGUAGE_STANDARD = gnu99;
				GCC_DYNAMIC_NO_PIC = NO;
				GCC_OPTIMIZATION_LEVEL = 0;
				GCC_PREPROCESSOR_DEFINITIONS = (
					"DEBUG=1",
					"$(inherited)",
				);
				GCC_SYMBOLS_PRIVATE_EXTERN = NO;
				GCC_WARN_64_TO_32_BIT_CONVERSION = YES;
				GCC_WARN_ABOUT_RETURN_TYPE = YES_ERROR;
				GCC_WARN_UNDECLARED_SELECTOR = YES;
				GCC_WARN_UNINITIALIZED_AUTOS = YES_AGGRESSIVE;
				GCC_WARN_UNUSED_FUNCTION = YES;
				GCC_WARN_UNUSED_VARIABLE = YES;
				IPHONEOS_DEPLOYMENT_TARGET = 8.0;
				MTL_ENABLE_DEBUG_INFO = YES;
				ONLY_ACTIVE_ARCH = YES;
				SDKROOT = iphoneos;
			};
			name = Debug;
		};
		C0CA75AE19F7AD47003B8B06 /* Release */ = {
			isa = XCBuildConfiguration;
			buildSettings = {
				ALWAYS_SEARCH_USER_PATHS = NO;
				CLANG_CXX_LANGUAGE_STANDARD = "gnu++0x";
				CLANG_CXX_LIBRARY = "libc++";
				CLANG_ENABLE_MODULES = YES;
				CLANG_ENABLE_OBJC_ARC = YES;
				CLANG_WARN_BOOL_CONVERSION = YES;
				CLANG_WARN_CONSTANT_CONVERSION = YES;
				CLANG_WARN_DIRECT_OBJC_ISA_USAGE = YES_ERROR;
				CLANG_WARN_EMPTY_BODY = YES;
				CLANG_WARN_ENUM_CONVERSION = YES;
				CLANG_WARN_INT_CONVERSION = YES;
				CLANG_WARN_OBJC_ROOT_CLASS = YES_ERROR;
				CLANG_WARN_UNREACHABLE_CODE = YES;
				CLANG_WARN__DUPLICATE_METHOD_MATCH = YES;
				"CODE_SIGN_IDENTITY[sdk=iphoneos*]" = "iPhone Developer";
				COPY_PHASE_STRIP = YES;
				ENABLE_NS_ASSERTIONS = NO;
				ENABLE_STRICT_OBJC_MSGSEND = YES;
				GCC_C_LANGUAGE_STANDARD = gnu99;
				GCC_WARN_64_TO_32_BIT_CONVERSION = YES;
				GCC_WARN_ABOUT_RETURN_TYPE = YES_ERROR;
				GCC_WARN_UNDECLARED_SELECTOR = YES;
				GCC_WARN_UNINITIALIZED_AUTOS = YES_AGGRESSIVE;
				GCC_WARN_UNUSED_FUNCTION = YES;
				GCC_WARN_UNUSED_VARIABLE = YES;
				IPHONEOS_DEPLOYMENT_TARGET = 8.0;
				MTL_ENABLE_DEBUG_INFO = NO;
				SDKROOT = iphoneos;
				VALIDATE_PRODUCT = YES;
			};
			name = Release;
		};
		C0CA75B019F7AD47003B8B06 /* Debug */ = {
			isa = XCBuildConfiguration;
			buildSettings = {
				ASSETCATALOG_COMPILER_APPICON_NAME = AppIcon;
				FRAMEWORK_SEARCH_PATHS = (
					"$(inherited)",
					/Users/huseyinguler/Desktop,
				);
				INFOPLIST_FILE = AdInject/Info.plist;
				LD_RUNPATH_SEARCH_PATHS = "$(inherited) @executable_path/Frameworks";
				OTHER_LDFLAGS = "-ObjC";
				PRODUCT_NAME = "$(TARGET_NAME)";
			};
			name = Debug;
		};
		C0CA75B119F7AD47003B8B06 /* Release */ = {
			isa = XCBuildConfiguration;
			buildSettings = {
				ASSETCATALOG_COMPILER_APPICON_NAME = AppIcon;
				FRAMEWORK_SEARCH_PATHS = (
					"$(inherited)",
					/Users/huseyinguler/Desktop,
				);
				INFOPLIST_FILE = AdInject/Info.plist;
				LD_RUNPATH_SEARCH_PATHS = "$(inherited) @executable_path/Frameworks";
				OTHER_LDFLAGS = "-ObjC";
				PRODUCT_NAME = "$(TARGET_NAME)";
			};
			name = Release;
		};
/* End XCBuildConfiguration section */

/* Begin XCConfigurationList section */
		C0CA758719F7AD47003B8B06 /* Build configuration list for PBXProject "AdInject" */ = {
			isa = XCConfigurationList;
			buildConfigurations = (
				C0CA75AD19F7AD47003B8B06 /* Debug */,
				C0CA75AE19F7AD47003B8B06 /* Release */,
			);
			defaultConfigurationIsVisible = 0;
			defaultConfigurationName = Release;
		};
		C0CA75AF19F7AD47003B8B06 /* Build configuration list for PBXNativeTarget "AdInject" */ = {
			isa = XCConfigurationList;
			buildConfigurations = (
				C0CA75B019F7AD47003B8B06 /* Debug */,
				C0CA75B119F7AD47003B8B06 /* Release */,
			);
			defaultConfigurationIsVisible = 0;
			defaultConfigurationName = Release;
		};
/* End XCConfigurationList section */
	};
	rootObject = C0CA758419F7AD47003B8B06 /* Project object */;
}
